
Microsoft Visual Studio Solution File, Format Version 12.00
# Visual Studio 15
VisualStudioVersion = 15.0.26228.12
MinimumVisualStudioVersion = 10.0.40219.1
Project("{FAE04EC0-301F-11D3-BF4B-00C04F79EFBC}") = "Nimrod.MotorQuote.Api", "server\Nimrod.MotorQuote.Api\Nimrod.MotorQuote.Api.csproj", "{EACA62BE-E48A-40BF-8712-8501829643C8}"
EndProject
Project("{2150E333-8FDC-42A3-9474-1A3956D46DE8}") = "server", "server", "{7D464F31-5B82-4452-9B63-B9FA15D8862A}"
EndProject
Project("{2150E333-8FDC-42A3-9474-1A3956D46DE8}") = "test", "test", "{042BDB3C-780A-478E-B7C1-B5734256ACC9}"
EndProject
Project("{FAE04EC0-301F-11D3-BF4B-00C04F79EFBC}") = "Nimrod.MotorQuote.Api.Tests", "test\Nimrod.MotorQuote.Api.Tests\Nimrod.MotorQuote.Api.Tests.csproj", "{BC07D332-60C7-445F-9B3E-70A9169B83A1}"
EndProject
Global
	GlobalSection(SolutionConfigurationPlatforms) = preSolution
		Debug|Any CPU = Debug|Any CPU
		Release|Any CPU = Release|Any CPU
	EndGlobalSection
	GlobalSection(ProjectConfigurationPlatforms) = postSolution
		{EACA62BE-E48A-40BF-8712-8501829643C8}.Debug|Any CPU.ActiveCfg = Debug|Any CPU
		{EACA62BE-E48A-40BF-8712-8501829643C8}.Debug|Any CPU.Build.0 = Debug|Any CPU
		{EACA62BE-E48A-40BF-8712-8501829643C8}.Release|Any CPU.ActiveCfg = Release|Any CPU
		{EACA62BE-E48A-40BF-8712-8501829643C8}.Release|Any CPU.Build.0 = Release|Any CPU
		{BC07D332-60C7-445F-9B3E-70A9169B83A1}.Debug|Any CPU.ActiveCfg = Debug|Any CPU
		{BC07D332-60C7-445F-9B3E-70A9169B83A1}.Debug|Any CPU.Build.0 = Debug|Any CPU
		{BC07D332-60C7-445F-9B3E-70A9169B83A1}.Release|Any CPU.ActiveCfg = Release|Any CPU
		{BC07D332-60C7-445F-9B3E-70A9169B83A1}.Release|Any CPU.Build.0 = Release|Any CPU
	EndGlobalSection
	GlobalSection(SolutionProperties) = preSolution
		HideSolutionNode = FALSE
	EndGlobalSection
	GlobalSection(NestedProjects) = preSolution
		{EACA62BE-E48A-40BF-8712-8501829643C8} = {7D464F31-5B82-4452-9B63-B9FA15D8862A}
		{BC07D332-60C7-445F-9B3E-70A9169B83A1} = {042BDB3C-780A-478E-B7C1-B5734256ACC9}
	EndGlobalSection
EndGlobal
